
Microsoft Visual Studio Solution File, Format Version 11.00
# Visual Studio 2010
Project("{FAE04EC0-301F-11D3-BF4B-00C04F79EFBC}") = "Ex7-8", "Ex7-8\Ex7-8.csproj", "{A11BD71E-9FC8-44F3-9F3B-5BB6A2BAAE8B}"
EndProject
Global
	GlobalSection(SolutionConfigurationPlatforms) = preSolution
		Debug|x86 = Debug|x86
		Release|x86 = Release|x86
	EndGlobalSection
	GlobalSection(ProjectConfigurationPlatforms) = postSolution
		{A11BD71E-9FC8-44F3-9F3B-5BB6A2BAAE8B}.Debug|x86.ActiveCfg = Debug|x86
		{A11BD71E-9FC8-44F3-9F3B-5BB6A2BAAE8B}.Debug|x86.Build.0 = Debug|x86
		{A11BD71E-9FC8-44F3-9F3B-5BB6A2BAAE8B}.Release|x86.ActiveCfg = Release|x86
		{A11BD71E-9FC8-44F3-9F3B-5BB6A2BAAE8B}.Release|x86.Build.0 = Release|x86
	EndGlobalSection
	GlobalSection(SolutionProperties) = preSolution
		HideSolutionNode = FALSE
	EndGlobalSection
EndGlobal
