
Microsoft Visual Studio Solution File, Format Version 11.00
# Visual Studio 2010
Project("{FAE04EC0-301F-11D3-BF4B-00C04F79EFBC}") = "Ex7-12", "Ex7-12\Ex7-12.csproj", "{7105B841-CF15-4F15-B241-329CD7E2912A}"
EndProject
Global
	GlobalSection(SolutionConfigurationPlatforms) = preSolution
		Debug|x86 = Debug|x86
		Release|x86 = Release|x86
	EndGlobalSection
	GlobalSection(ProjectConfigurationPlatforms) = postSolution
		{7105B841-CF15-4F15-B241-329CD7E2912A}.Debug|x86.ActiveCfg = Debug|x86
		{7105B841-CF15-4F15-B241-329CD7E2912A}.Debug|x86.Build.0 = Debug|x86
		{7105B841-CF15-4F15-B241-329CD7E2912A}.Release|x86.ActiveCfg = Release|x86
		{7105B841-CF15-4F15-B241-329CD7E2912A}.Release|x86.Build.0 = Release|x86
	EndGlobalSection
	GlobalSection(SolutionProperties) = preSolution
		HideSolutionNode = FALSE
	EndGlobalSection
EndGlobal
