
Microsoft Visual Studio Solution File, Format Version 11.00
# Visual Studio 2010
Project("{FAE04EC0-301F-11D3-BF4B-00C04F79EFBC}") = "ConsoleApplication14", "ConsoleApplication14\ConsoleApplication14.csproj", "{B2ADDFD8-F1B4-45FC-A017-DA453DFD7CEF}"
EndProject
Global
	GlobalSection(SolutionConfigurationPlatforms) = preSolution
		Debug|x86 = Debug|x86
		Release|x86 = Release|x86
	EndGlobalSection
	GlobalSection(ProjectConfigurationPlatforms) = postSolution
		{B2ADDFD8-F1B4-45FC-A017-DA453DFD7CEF}.Debug|x86.ActiveCfg = Debug|x86
		{B2ADDFD8-F1B4-45FC-A017-DA453DFD7CEF}.Debug|x86.Build.0 = Debug|x86
		{B2ADDFD8-F1B4-45FC-A017-DA453DFD7CEF}.Release|x86.ActiveCfg = Release|x86
		{B2ADDFD8-F1B4-45FC-A017-DA453DFD7CEF}.Release|x86.Build.0 = Release|x86
	EndGlobalSection
	GlobalSection(SolutionProperties) = preSolution
		HideSolutionNode = FALSE
	EndGlobalSection
EndGlobal
