
Microsoft Visual Studio Solution File, Format Version 10.00
# Visual Studio 2008
Project("{FAE04EC0-301F-11D3-BF4B-00C04F79EFBC}") = "ThreadEx3", "ThreadEx3\ThreadEx3.csproj", "{E3C52A17-993F-4281-82CC-92422E4A68D7}"
EndProject
Global
	GlobalSection(SolutionConfigurationPlatforms) = preSolution
		Debug|Any CPU = Debug|Any CPU
		Release|Any CPU = Release|Any CPU
	EndGlobalSection
	GlobalSection(ProjectConfigurationPlatforms) = postSolution
		{E3C52A17-993F-4281-82CC-92422E4A68D7}.Debug|Any CPU.ActiveCfg = Debug|Any CPU
		{E3C52A17-993F-4281-82CC-92422E4A68D7}.Debug|Any CPU.Build.0 = Debug|Any CPU
		{E3C52A17-993F-4281-82CC-92422E4A68D7}.Release|Any CPU.ActiveCfg = Release|Any CPU
		{E3C52A17-993F-4281-82CC-92422E4A68D7}.Release|Any CPU.Build.0 = Release|Any CPU
	EndGlobalSection
	GlobalSection(SolutionProperties) = preSolution
		HideSolutionNode = FALSE
	EndGlobalSection
EndGlobal
