
Microsoft Visual Studio Solution File, Format Version 11.00
# Visual Studio 2010
Project("{FAE04EC0-301F-11D3-BF4B-00C04F79EFBC}") = "4-12", "4-12\4-12.csproj", "{F831A0ED-79B3-4BF5-9A82-B61894B30B1F}"
EndProject
Global
	GlobalSection(SolutionConfigurationPlatforms) = preSolution
		Debug|x86 = Debug|x86
		Release|x86 = Release|x86
	EndGlobalSection
	GlobalSection(ProjectConfigurationPlatforms) = postSolution
		{F831A0ED-79B3-4BF5-9A82-B61894B30B1F}.Debug|x86.ActiveCfg = Debug|x86
		{F831A0ED-79B3-4BF5-9A82-B61894B30B1F}.Debug|x86.Build.0 = Debug|x86
		{F831A0ED-79B3-4BF5-9A82-B61894B30B1F}.Release|x86.ActiveCfg = Release|x86
		{F831A0ED-79B3-4BF5-9A82-B61894B30B1F}.Release|x86.Build.0 = Release|x86
	EndGlobalSection
	GlobalSection(SolutionProperties) = preSolution
		HideSolutionNode = FALSE
	EndGlobalSection
EndGlobal
