
Microsoft Visual Studio Solution File, Format Version 10.00
# Visual Studio 2008
Project("{FAE04EC0-301F-11D3-BF4B-00C04F79EFBC}") = "ThreadEx2", "ThreadEx2\ThreadEx2.csproj", "{FCF9E370-761E-459E-BE05-2856AC100328}"
EndProject
Global
	GlobalSection(SolutionConfigurationPlatforms) = preSolution
		Debug|Any CPU = Debug|Any CPU
		Release|Any CPU = Release|Any CPU
	EndGlobalSection
	GlobalSection(ProjectConfigurationPlatforms) = postSolution
		{FCF9E370-761E-459E-BE05-2856AC100328}.Debug|Any CPU.ActiveCfg = Debug|Any CPU
		{FCF9E370-761E-459E-BE05-2856AC100328}.Debug|Any CPU.Build.0 = Debug|Any CPU
		{FCF9E370-761E-459E-BE05-2856AC100328}.Release|Any CPU.ActiveCfg = Release|Any CPU
		{FCF9E370-761E-459E-BE05-2856AC100328}.Release|Any CPU.Build.0 = Release|Any CPU
	EndGlobalSection
	GlobalSection(SolutionProperties) = preSolution
		HideSolutionNode = FALSE
	EndGlobalSection
EndGlobal
