
Microsoft Visual Studio Solution File, Format Version 11.00
# Visual Studio 2010
Project("{FAE04EC0-301F-11D3-BF4B-00C04F79EFBC}") = "4-13", "4-13\4-13.csproj", "{59E6D287-4484-4E32-ACD4-CB8C68C384BE}"
EndProject
Global
	GlobalSection(SolutionConfigurationPlatforms) = preSolution
		Debug|x86 = Debug|x86
		Release|x86 = Release|x86
	EndGlobalSection
	GlobalSection(ProjectConfigurationPlatforms) = postSolution
		{59E6D287-4484-4E32-ACD4-CB8C68C384BE}.Debug|x86.ActiveCfg = Debug|x86
		{59E6D287-4484-4E32-ACD4-CB8C68C384BE}.Debug|x86.Build.0 = Debug|x86
		{59E6D287-4484-4E32-ACD4-CB8C68C384BE}.Release|x86.ActiveCfg = Release|x86
		{59E6D287-4484-4E32-ACD4-CB8C68C384BE}.Release|x86.Build.0 = Release|x86
	EndGlobalSection
	GlobalSection(SolutionProperties) = preSolution
		HideSolutionNode = FALSE
	EndGlobalSection
EndGlobal
