
Microsoft Visual Studio Solution File, Format Version 10.00
# Visual Studio 2008
Project("{FAE04EC0-301F-11D3-BF4B-00C04F79EFBC}") = "ThreadEx1", "ThreadEx1\ThreadEx1.csproj", "{8F115007-C3F9-459B-9116-CCC2BF3762D5}"
EndProject
Global
	GlobalSection(SolutionConfigurationPlatforms) = preSolution
		Debug|Any CPU = Debug|Any CPU
		Release|Any CPU = Release|Any CPU
	EndGlobalSection
	GlobalSection(ProjectConfigurationPlatforms) = postSolution
		{8F115007-C3F9-459B-9116-CCC2BF3762D5}.Debug|Any CPU.ActiveCfg = Debug|Any CPU
		{8F115007-C3F9-459B-9116-CCC2BF3762D5}.Debug|Any CPU.Build.0 = Debug|Any CPU
		{8F115007-C3F9-459B-9116-CCC2BF3762D5}.Release|Any CPU.ActiveCfg = Release|Any CPU
		{8F115007-C3F9-459B-9116-CCC2BF3762D5}.Release|Any CPU.Build.0 = Release|Any CPU
	EndGlobalSection
	GlobalSection(SolutionProperties) = preSolution
		HideSolutionNode = FALSE
	EndGlobalSection
EndGlobal
