
Microsoft Visual Studio Solution File, Format Version 11.00
# Visual Studio 2010
Project("{FAE04EC0-301F-11D3-BF4B-00C04F79EFBC}") = "3-3", "3-3\3-3.csproj", "{ED41D961-8F26-4160-8F64-BF7A3D3AD140}"
EndProject
Global
	GlobalSection(SolutionConfigurationPlatforms) = preSolution
		Debug|x86 = Debug|x86
		Release|x86 = Release|x86
	EndGlobalSection
	GlobalSection(ProjectConfigurationPlatforms) = postSolution
		{ED41D961-8F26-4160-8F64-BF7A3D3AD140}.Debug|x86.ActiveCfg = Debug|x86
		{ED41D961-8F26-4160-8F64-BF7A3D3AD140}.Debug|x86.Build.0 = Debug|x86
		{ED41D961-8F26-4160-8F64-BF7A3D3AD140}.Release|x86.ActiveCfg = Release|x86
		{ED41D961-8F26-4160-8F64-BF7A3D3AD140}.Release|x86.Build.0 = Release|x86
	EndGlobalSection
	GlobalSection(SolutionProperties) = preSolution
		HideSolutionNode = FALSE
	EndGlobalSection
EndGlobal
